
Microsoft Visual Studio Solution File, Format Version 12.00
# Visual Studio Version 17
VisualStudioVersion = 17.12.35424.110 d17.12
MinimumVisualStudioVersion = 10.0.40219.1
Project("{FAE04EC0-301F-11D3-BF4B-00C04F79EFBC}") = "EmployeeHistoryApplication", "EmployeeHistoryApplication\EmployeeHistoryApplication.csproj", "{4556E46D-A3F1-4929-8BF6-F07E0E0EFCCF}"
EndProject
Global
	GlobalSection(SolutionConfigurationPlatforms) = preSolution
		Debug|Any CPU = Debug|Any CPU
		Release|Any CPU = Release|Any CPU
	EndGlobalSection
	GlobalSection(ProjectConfigurationPlatforms) = postSolution
		{4556E46D-A3F1-4929-8BF6-F07E0E0EFCCF}.Debug|Any CPU.ActiveCfg = Debug|Any CPU
		{4556E46D-A3F1-4929-8BF6-F07E0E0EFCCF}.Debug|Any CPU.Build.0 = Debug|Any CPU
		{4556E46D-A3F1-4929-8BF6-F07E0E0EFCCF}.Release|Any CPU.ActiveCfg = Release|Any CPU
		{4556E46D-A3F1-4929-8BF6-F07E0E0EFCCF}.Release|Any CPU.Build.0 = Release|Any CPU
	EndGlobalSection
	GlobalSection(SolutionProperties) = preSolution
		HideSolutionNode = FALSE
	EndGlobalSection
EndGlobal
